
Microsoft Visual Studio Solution File, Format Version 12.00
# Visual Studio 15
VisualStudioVersion = 15.0.28307.539
MinimumVisualStudioVersion = 10.0.40219.1
Project("{FAE04EC0-301F-11D3-BF4B-00C04F79EFBC}") = "EECS_645_Project", "EECS_645_Project\EECS_645_Project.csproj", "{F578CE21-1BB3-4366-8F6C-16DE993A4A47}"
EndProject
Global
	GlobalSection(SolutionConfigurationPlatforms) = preSolution
		Debug|Any CPU = Debug|Any CPU
		Release|Any CPU = Release|Any CPU
	EndGlobalSection
	GlobalSection(ProjectConfigurationPlatforms) = postSolution
		{F578CE21-1BB3-4366-8F6C-16DE993A4A47}.Debug|Any CPU.ActiveCfg = Debug|Any CPU
		{F578CE21-1BB3-4366-8F6C-16DE993A4A47}.Debug|Any CPU.Build.0 = Debug|Any CPU
		{F578CE21-1BB3-4366-8F6C-16DE993A4A47}.Release|Any CPU.ActiveCfg = Release|Any CPU
		{F578CE21-1BB3-4366-8F6C-16DE993A4A47}.Release|Any CPU.Build.0 = Release|Any CPU
	EndGlobalSection
	GlobalSection(SolutionProperties) = preSolution
		HideSolutionNode = FALSE
	EndGlobalSection
	GlobalSection(ExtensibilityGlobals) = postSolution
		SolutionGuid = {2A19E5D9-14D5-497C-A3C6-B4831CBE2E28}
	EndGlobalSection
EndGlobal
